
Microsoft Visual Studio Solution File, Format Version 12.00
# Visual Studio 15
VisualStudioVersion = 15.0.27130.2010
MinimumVisualStudioVersion = 10.0.40219.1
Project("{FAE04EC0-301F-11D3-BF4B-00C04F79EFBC}") = "Doc creator", "Doc creator\Doc creator.csproj", "{F7C31532-8241-4C83-A949-72CBAB81F5CF}"
EndProject
Global
	GlobalSection(SolutionConfigurationPlatforms) = preSolution
		Debug|Any CPU = Debug|Any CPU
		Release|Any CPU = Release|Any CPU
	EndGlobalSection
	GlobalSection(ProjectConfigurationPlatforms) = postSolution
		{F7C31532-8241-4C83-A949-72CBAB81F5CF}.Debug|Any CPU.ActiveCfg = Debug|Any CPU
		{F7C31532-8241-4C83-A949-72CBAB81F5CF}.Debug|Any CPU.Build.0 = Debug|Any CPU
		{F7C31532-8241-4C83-A949-72CBAB81F5CF}.Release|Any CPU.ActiveCfg = Release|Any CPU
		{F7C31532-8241-4C83-A949-72CBAB81F5CF}.Release|Any CPU.Build.0 = Release|Any CPU
	EndGlobalSection
	GlobalSection(SolutionProperties) = preSolution
		HideSolutionNode = FALSE
	EndGlobalSection
	GlobalSection(ExtensibilityGlobals) = postSolution
		SolutionGuid = {56FBCF57-A2AE-45A0-BFB7-99207B7E1C91}
	EndGlobalSection
EndGlobal
